
Microsoft Visual Studio Solution File, Format Version 12.00
# Visual Studio Version 16
VisualStudioVersion = 16.0.32106.194
MinimumVisualStudioVersion = 10.0.40219.1
Project("{FAE04EC0-301F-11D3-BF4B-00C04F79EFBC}") = "FootballTeams.App", "FootballTeams.App\FootballTeams.App.csproj", "{B3292B97-A610-426C-ABCE-C12C398CF561}"
EndProject
Global
	GlobalSection(SolutionConfigurationPlatforms) = preSolution
		Debug|Any CPU = Debug|Any CPU
		Release|Any CPU = Release|Any CPU
	EndGlobalSection
	GlobalSection(ProjectConfigurationPlatforms) = postSolution
		{B3292B97-A610-426C-ABCE-C12C398CF561}.Debug|Any CPU.ActiveCfg = Debug|Any CPU
		{B3292B97-A610-426C-ABCE-C12C398CF561}.Debug|Any CPU.Build.0 = Debug|Any CPU
		{B3292B97-A610-426C-ABCE-C12C398CF561}.Release|Any CPU.ActiveCfg = Release|Any CPU
		{B3292B97-A610-426C-ABCE-C12C398CF561}.Release|Any CPU.Build.0 = Release|Any CPU
	EndGlobalSection
	GlobalSection(SolutionProperties) = preSolution
		HideSolutionNode = FALSE
	EndGlobalSection
	GlobalSection(ExtensibilityGlobals) = postSolution
		SolutionGuid = {C349C12B-AF1C-462C-8E1A-BE5D1FAA52C9}
	EndGlobalSection
EndGlobal
